{
  "version": 4,
  "terraform_version": "1.3.7",
  "serial": 19,
  "lineage": "f94ad33c-477d-973f-f4b1-e5e22d8134d6",
  "outputs": {},
  "resources": [
    {
      "module": "module.main-modules.module.gke-module",
      "mode": "managed",
      "type": "google_container_cluster",
      "name": "gke-1",
      "provider": "provider[\"registry.terraform.io/hashicorp/google\"]",
      "instances": [
        {
          "schema_version": 1,
          "attributes": {
            "addons_config": [
              {
                "cloudrun_config": [],
                "config_connector_config": [],
                "dns_cache_config": [],
                "gce_persistent_disk_csi_driver_config": [
                  {
                    "enabled": true
                  }
                ],
                "gcp_filestore_csi_driver_config": [],
                "gke_backup_agent_config": [],
                "horizontal_pod_autoscaling": [],
                "http_load_balancing": [],
                "network_policy_config": [
                  {
                    "disabled": true
                  }
                ]
              }
            ],
            "authenticator_groups_config": [],
            "binary_authorization": [
              {
                "enabled": false,
                "evaluation_mode": ""
              }
            ],
            "cluster_autoscaling": [
              {
                "auto_provisioning_defaults": [],
                "enabled": false,
                "resource_limits": []
              }
            ],
            "cluster_ipv4_cidr": "10.56.0.0/14",
            "confidential_nodes": [],
            "cost_management_config": [],
            "database_encryption": [
              {
                "key_name": "",
                "state": "DECRYPTED"
              }
            ],
            "datapath_provider": "",
            "default_max_pods_per_node": 110,
            "default_snat_status": [
              {
                "disabled": false
              }
            ],
            "description": "",
            "dns_config": [],
            "enable_autopilot": false,
            "enable_binary_authorization": false,
            "enable_intranode_visibility": false,
            "enable_kubernetes_alpha": false,
            "enable_l4_ilb_subsetting": false,
            "enable_legacy_abac": false,
            "enable_shielded_nodes": true,
            "enable_tpu": false,
            "endpoint": "172.16.0.2",
            "gateway_api_config": [],
            "id": "projects/abdelaziz-gke/locations/asia-east1-a/clusters/gke-1",
            "initial_node_count": 1,
            "ip_allocation_policy": [
              {
                "cluster_ipv4_cidr_block": "10.56.0.0/14",
                "cluster_secondary_range_name": "gke-gke-1-pods-3a31236c",
                "services_ipv4_cidr_block": "10.60.0.0/20",
                "services_secondary_range_name": "gke-gke-1-services-3a31236c"
              }
            ],
            "label_fingerprint": "a9dc16a7",
            "location": "asia-east1-a",
            "logging_config": [
              {
                "enable_components": [
                  "SYSTEM_COMPONENTS",
                  "WORKLOADS"
                ]
              }
            ],
            "logging_service": "logging.googleapis.com/kubernetes",
            "maintenance_policy": [],
            "master_auth": [
              {
                "client_certificate": "",
                "client_certificate_config": [
                  {
                    "issue_client_certificate": false
                  }
                ],
                "client_key": "",
                "cluster_ca_certificate": "LS0tLS1CRUdJTiBDRVJUSUZJQ0FURS0tLS0tCk1JSUVMRENDQXBTZ0F3SUJBZ0lRUFozaGU2NklKM1NzYUpIKzY2MVk1VEFOQmdrcWhraUc5dzBCQVFzRkFEQXYKTVMwd0t3WURWUVFERXlSbU1HWmhPRFExTkMwelpESTJMVFJpWXpZdFlUYzBOeTAwTURNNFl6a3lZVFptTVdZdwpJQmNOTWpNd01qSXdNVGswTmpFeVdoZ1BNakExTXpBeU1USXlNRFEyTVRKYU1DOHhMVEFyQmdOVkJBTVRKR1l3ClptRTRORFUwTFROa01qWXROR0pqTmkxaE56UTNMVFF3TXpoak9USmhObVl4WmpDQ0FhSXdEUVlKS29aSWh2Y04KQVFFQkJRQURnZ0dQQURDQ0FZb0NnZ0dCQUxWc0Z6TFhlTzZ2R2Y3M0ZsSHB5d1NKTVIvQjU1YzlEeWNzQTB0awpSc2ljTzFZbjZaSi9zSDJvV0J1bEdnWGZiNHkydVIzam5lS0hvZlBnVklGQW1xdG96Z3FJTUFIREU1cldiQ24rClJhMTJUUURhUW9PdHVHZ29PUlJNZGQ4L1FSb3Boc1Fya2FsNUlsTE82bVlQMkNDUmFmVnVWLzhxUnJ3NjVNeDgKckwxOE5mNUNhSVJhQW5uVGV0ZTBFOUhTODR2ckRyQVN4Zk5pWW5TQTh0ekxZaVQvVkN1cEVjUG9EQVR0VVJTUgowNU5BS2ZqOERjejJhOHFqREtRaFJyMGVLMEtQbU0wTnVIU1JhQnFIeDIwaG80cjlKTmdtdnR5UE5YNzE2VmlsCm5NakFFdUE5TENzY2cyMTlHL1pJdjZ4WWtnQlRUNU82QjNmcnNKLzN0ZDRCVFVVb2drV2k5Z1BXNG54ZHVldnkKNVBndjg5d2dXU2hHMFRSQWJOU3YxdTBjREg0aTJ0cUNJRHNTV3ZnMHVnSExyWTdLMjBtNG1VSjVtY3lHd1VMQwpJT0JVL0FGRi8waW1xNlJOQnAvUnZndDNCb1pYUFZLNTNEcXBjVHlHSWZTQmc4UVMvMDJrcVA3ZStJQ0YvaWtOCnBOaURDQlc4bmNwUnRLd1RJWHpzbDJ3a3VRSURBUUFCbzBJd1FEQU9CZ05WSFE4QkFmOEVCQU1DQWdRd0R3WUQKVlIwVEFRSC9CQVV3QXdFQi96QWRCZ05WSFE0RUZnUVVaRFp0eVpvdFdnUXdmaFd5aHcvRTErQlZTTFF3RFFZSgpLb1pJaHZjTkFRRUxCUUFEZ2dHQkFGUUxlUEtOVVUyTklkTWd1OU43N0YzMnhBZkkrNGMxK1Fhb2ZEcVR6UXB6Ck5IdFdGazRIZTJZZDFYUFpMZTJ6ZXNmN0FjQlEzNlprV2V0aHFYUFpOdjhkQW9LNEhBMm5oN0hyYURIOFh2Q08KRElSNmJDS2pZS0lUVVRtdE5BTWRZa0pxQmFlcFp0UHc1VFZDT1VhdWNKakU0TzVoTUlLVHVmZG1CdHBKb1BaUAo2V1g5cUtCS0pRV2xnUWlXL0xOTk1BbC9MVTJJNVNDU1BPNURjMVZCNC9VMEdDb0V2cmpBL0Uybk8zRjJBZ0xiCjIyeU9RNkhwR0o4TFhHRHQ2cy9DdHd4UzlnUmJydUhic1dLbXpXcUdPKzlhdEYzMnhSVG00YUZqNk5mUWdOc0sKV2xXSUVlRjFJRTRnekdYQVNhOTlXdGRybzJqcjNNdXJiQUd5TUZSaUNhMGpOdmkveHdCem9McGlpNTVnMURFcwpnaWRhRWNhQkJDOU9uQlV0eTdVOHAxRE5LWHp1NGhzSE5JUnhJUmJhSURONHZCVVQ4U0d6M05IMDNoMS9qd1F1CkZ3Vzd1QnIyLzFOUWNWZUVvbkkzWmthOHJEMFd6VVc4WnRFcTVaTXFGNnR1UTRNT3NwV1kyT1IyUFkxNVBMelIKd3lMb2ZiSlVBcURudXZtb1JpcGZxUT09Ci0tLS0tRU5EIENFUlRJRklDQVRFLS0tLS0K"
              }
            ],
            "master_authorized_networks_config": [
              {
                "cidr_blocks": [
                  {
                    "cidr_block": "10.0.0.0/24",
                    "display_name": "Management Subnet"
                  },
                  {
                    "cidr_block": "10.0.1.0/24",
                    "display_name": "Restricted Subnet"
                  }
                ],
                "gcp_public_cidrs_access_enabled": false
              }
            ],
            "master_version": "1.24.9-gke.2000",
            "mesh_certificates": [],
            "min_master_version": null,
            "monitoring_config": [
              {
                "enable_components": [
                  "SYSTEM_COMPONENTS"
                ],
                "managed_prometheus": []
              }
            ],
            "monitoring_service": "monitoring.googleapis.com/kubernetes",
            "name": "gke-1",
            "network": "projects/abdelaziz-gke/global/networks/gke-vpc",
            "network_policy": [
              {
                "enabled": false,
                "provider": "PROVIDER_UNSPECIFIED"
              }
            ],
            "networking_mode": "VPC_NATIVE",
            "node_config": [],
            "node_locations": [],
            "node_pool": [],
            "node_pool_defaults": [
              {
                "node_config_defaults": [
                  {
                    "logging_variant": "DEFAULT"
                  }
                ]
              }
            ],
            "node_version": "1.24.9-gke.2000",
            "notification_config": [
              {
                "pubsub": [
                  {
                    "enabled": false,
                    "filter": [],
                    "topic": ""
                  }
                ]
              }
            ],
            "operation": null,
            "private_cluster_config": [
              {
                "enable_private_endpoint": true,
                "enable_private_nodes": true,
                "master_global_access_config": [
                  {
                    "enabled": false
                  }
                ],
                "master_ipv4_cidr_block": "172.16.0.0/28",
                "peering_name": "gke-nfdbe79a81527707ab3a-f8dc-58f7-peer",
                "private_endpoint": "172.16.0.2",
                "private_endpoint_subnetwork": "",
                "public_endpoint": "34.81.236.130"
              }
            ],
            "private_ipv6_google_access": "",
            "project": "abdelaziz-gke",
            "release_channel": [
              {
                "channel": "REGULAR"
              }
            ],
            "remove_default_node_pool": true,
            "resource_labels": null,
            "resource_usage_export_config": [],
            "self_link": "https://container.googleapis.com/v1/projects/abdelaziz-gke/zones/asia-east1-a/clusters/gke-1",
            "service_external_ips_config": [
              {
                "enabled": false
              }
            ],
            "services_ipv4_cidr": "10.60.0.0/20",
            "subnetwork": "projects/abdelaziz-gke/regions/asia-east1/subnetworks/restricted",
            "timeouts": null,
            "tpu_ipv4_cidr_block": "",
            "vertical_pod_autoscaling": [],
            "workload_identity_config": []
          },
          "sensitive_attributes": [],
          "private": "eyJlMmJmYjczMC1lY2FhLTExZTYtOGY4OC0zNDM2M2JjN2M0YzAiOnsiY3JlYXRlIjoyNDAwMDAwMDAwMDAwLCJkZWxldGUiOjI0MDAwMDAwMDAwMDAsInJlYWQiOjI0MDAwMDAwMDAwMDAsInVwZGF0ZSI6MzYwMDAwMDAwMDAwMH0sInNjaGVtYV92ZXJzaW9uIjoiMSJ9",
          "dependencies": [
            "module.main-modules.module.network-module.google_compute_network.gke-vpc",
            "module.main-modules.module.network-module.google_project_service.compute",
            "module.main-modules.module.network-module.google_project_service.container",
            "module.main-modules.module.subnets-module.google_compute_subnetwork.gke-subnet"
          ]
        }
      ]
    },
    {
      "module": "module.main-modules.module.gke-module",
      "mode": "managed",
      "type": "google_container_node_pool",
      "name": "gke-1_node_pool",
      "provider": "provider[\"registry.terraform.io/hashicorp/google\"]",
      "instances": [
        {
          "schema_version": 1,
          "attributes": {
            "autoscaling": [],
            "cluster": "gke-1",
            "id": "projects/abdelaziz-gke/locations/asia-east1-a/clusters/gke-1/nodePools/gke1-node-pool",
            "initial_node_count": 1,
            "instance_group_urls": [
              "https://www.googleapis.com/compute/v1/projects/abdelaziz-gke/zones/asia-east1-a/instanceGroupManagers/gke-gke-1-gke1-node-pool-49673458-grp"
            ],
            "location": "asia-east1-a",
            "managed_instance_group_urls": [
              "https://www.googleapis.com/compute/v1/projects/abdelaziz-gke/zones/asia-east1-a/instanceGroups/gke-gke-1-gke1-node-pool-49673458-grp"
            ],
            "management": [
              {
                "auto_repair": true,
                "auto_upgrade": true
              }
            ],
            "max_pods_per_node": 110,
            "name": "gke1-node-pool",
            "name_prefix": "",
            "network_config": [
              {
                "create_pod_range": false,
                "enable_private_nodes": false,
                "pod_ipv4_cidr_block": "10.56.0.0/14",
                "pod_range": "gke-gke-1-pods-3a31236c"
              }
            ],
            "node_config": [
              {
                "boot_disk_kms_key": "",
                "disk_size_gb": 100,
                "disk_type": "pd-balanced",
                "gcfs_config": [],
                "guest_accelerator": [],
                "gvnic": [],
                "image_type": "COS_CONTAINERD",
                "kubelet_config": [],
                "labels": {},
                "linux_node_config": [],
                "local_ssd_count": 0,
                "logging_variant": "DEFAULT",
                "machine_type": "e2-standard-4",
                "metadata": {
                  "disable-legacy-endpoints": "true"
                },
                "min_cpu_platform": "",
                "node_group": "",
                "oauth_scopes": [
                  "https://www.googleapis.com/auth/cloud-platform"
                ],
                "preemptible": true,
                "reservation_affinity": [],
                "resource_labels": null,
                "service_account": "custom-gke-sa@abdelaziz-gke.iam.gserviceaccount.com",
                "shielded_instance_config": [
                  {
                    "enable_integrity_monitoring": true,
                    "enable_secure_boot": false
                  }
                ],
                "spot": false,
                "tags": null,
                "taint": [],
                "workload_metadata_config": []
              }
            ],
            "node_count": 1,
            "node_locations": [
              "asia-east1-a"
            ],
            "operation": null,
            "placement_policy": [],
            "project": "abdelaziz-gke",
            "timeouts": null,
            "upgrade_settings": [
              {
                "blue_green_settings": [],
                "max_surge": 1,
                "max_unavailable": 0,
                "strategy": "SURGE"
              }
            ],
            "version": "1.24.9-gke.2000"
          },
          "sensitive_attributes": [],
          "private": "eyJlMmJmYjczMC1lY2FhLTExZTYtOGY4OC0zNDM2M2JjN2M0YzAiOnsiY3JlYXRlIjoxODAwMDAwMDAwMDAwLCJkZWxldGUiOjE4MDAwMDAwMDAwMDAsInVwZGF0ZSI6MTgwMDAwMDAwMDAwMH0sInNjaGVtYV92ZXJzaW9uIjoiMSJ9",
          "dependencies": [
            "module.main-modules.module.gke-module.google_container_cluster.gke-1",
            "module.main-modules.module.network-module.google_compute_network.gke-vpc",
            "module.main-modules.module.network-module.google_project_service.compute",
            "module.main-modules.module.network-module.google_project_service.container",
            "module.main-modules.module.sa-module.google_service_account.custom_gke_sa",
            "module.main-modules.module.subnets-module.google_compute_subnetwork.gke-subnet"
          ]
        }
      ]
    },
    {
      "module": "module.main-modules.module.network-module",
      "mode": "managed",
      "type": "google_compute_firewall",
      "name": "http",
      "provider": "provider[\"registry.terraform.io/hashicorp/google\"]",
      "instances": [
        {
          "schema_version": 1,
          "attributes": {
            "allow": [
              {
                "ports": [
                  "80"
                ],
                "protocol": "tcp"
              }
            ],
            "creation_timestamp": "2023-02-20T12:45:44.114-08:00",
            "deny": [],
            "description": "",
            "destination_ranges": [],
            "direction": "INGRESS",
            "disabled": false,
            "enable_logging": null,
            "id": "projects/abdelaziz-gke/global/firewalls/http",
            "log_config": [],
            "name": "http",
            "network": "https://www.googleapis.com/compute/v1/projects/abdelaziz-gke/global/networks/gke-vpc",
            "priority": 1000,
            "project": "abdelaziz-gke",
            "self_link": "https://www.googleapis.com/compute/v1/projects/abdelaziz-gke/global/firewalls/http",
            "source_ranges": [
              "0.0.0.0/0"
            ],
            "source_service_accounts": null,
            "source_tags": null,
            "target_service_accounts": null,
            "target_tags": null,
            "timeouts": null
          },
          "sensitive_attributes": [],
          "private": "eyJlMmJmYjczMC1lY2FhLTExZTYtOGY4OC0zNDM2M2JjN2M0YzAiOnsiY3JlYXRlIjoxMjAwMDAwMDAwMDAwLCJkZWxldGUiOjEyMDAwMDAwMDAwMDAsInVwZGF0ZSI6MTIwMDAwMDAwMDAwMH0sInNjaGVtYV92ZXJzaW9uIjoiMSJ9",
          "dependencies": [
            "module.main-modules.module.network-module.google_compute_network.gke-vpc",
            "module.main-modules.module.network-module.google_project_service.compute",
            "module.main-modules.module.network-module.google_project_service.container"
          ]
        }
      ]
    },
    {
      "module": "module.main-modules.module.network-module",
      "mode": "managed",
      "type": "google_compute_firewall",
      "name": "ssh",
      "provider": "provider[\"registry.terraform.io/hashicorp/google\"]",
      "instances": [
        {
          "schema_version": 1,
          "attributes": {
            "allow": [
              {
                "ports": [
                  "22"
                ],
                "protocol": "tcp"
              }
            ],
            "creation_timestamp": "2023-02-20T12:45:43.973-08:00",
            "deny": [],
            "description": "",
            "destination_ranges": [],
            "direction": "INGRESS",
            "disabled": false,
            "enable_logging": null,
            "id": "projects/abdelaziz-gke/global/firewalls/ssh",
            "log_config": [],
            "name": "ssh",
            "network": "https://www.googleapis.com/compute/v1/projects/abdelaziz-gke/global/networks/gke-vpc",
            "priority": 1000,
            "project": "abdelaziz-gke",
            "self_link": "https://www.googleapis.com/compute/v1/projects/abdelaziz-gke/global/firewalls/ssh",
            "source_ranges": [
              "35.235.240.0/20"
            ],
            "source_service_accounts": null,
            "source_tags": null,
            "target_service_accounts": null,
            "target_tags": null,
            "timeouts": null
          },
          "sensitive_attributes": [],
          "private": "eyJlMmJmYjczMC1lY2FhLTExZTYtOGY4OC0zNDM2M2JjN2M0YzAiOnsiY3JlYXRlIjoxMjAwMDAwMDAwMDAwLCJkZWxldGUiOjEyMDAwMDAwMDAwMDAsInVwZGF0ZSI6MTIwMDAwMDAwMDAwMH0sInNjaGVtYV92ZXJzaW9uIjoiMSJ9",
          "dependencies": [
            "module.main-modules.module.network-module.google_compute_network.gke-vpc",
            "module.main-modules.module.network-module.google_project_service.compute",
            "module.main-modules.module.network-module.google_project_service.container"
          ]
        }
      ]
    },
    {
      "module": "module.main-modules.module.network-module",
      "mode": "managed",
      "type": "google_compute_network",
      "name": "gke-vpc",
      "provider": "provider[\"registry.terraform.io/hashicorp/google\"]",
      "instances": [
        {
          "schema_version": 0,
          "attributes": {
            "auto_create_subnetworks": false,
            "delete_default_routes_on_create": false,
            "description": "",
            "enable_ula_internal_ipv6": false,
            "gateway_ipv4": "",
            "id": "projects/abdelaziz-gke/global/networks/gke-vpc",
            "internal_ipv6_range": "",
            "mtu": 0,
            "name": "gke-vpc",
            "project": "abdelaziz-gke",
            "routing_mode": "REGIONAL",
            "self_link": "https://www.googleapis.com/compute/v1/projects/abdelaziz-gke/global/networks/gke-vpc",
            "timeouts": null
          },
          "sensitive_attributes": [],
          "private": "eyJlMmJmYjczMC1lY2FhLTExZTYtOGY4OC0zNDM2M2JjN2M0YzAiOnsiY3JlYXRlIjoxMjAwMDAwMDAwMDAwLCJkZWxldGUiOjEyMDAwMDAwMDAwMDAsInVwZGF0ZSI6MTIwMDAwMDAwMDAwMH19",
          "dependencies": [
            "module.main-modules.module.network-module.google_project_service.compute",
            "module.main-modules.module.network-module.google_project_service.container"
          ]
        }
      ]
    },
    {
      "module": "module.main-modules.module.network-module",
      "mode": "managed",
      "type": "google_compute_router",
      "name": "gke-router",
      "provider": "provider[\"registry.terraform.io/hashicorp/google\"]",
      "instances": [
        {
          "schema_version": 0,
          "attributes": {
            "bgp": [
              {
                "advertise_mode": "DEFAULT",
                "advertised_groups": null,
                "advertised_ip_ranges": [],
                "asn": 64514,
                "keepalive_interval": 20
              }
            ],
            "creation_timestamp": "2023-02-20T12:46:04.352-08:00",
            "description": "",
            "encrypted_interconnect_router": false,
            "id": "projects/abdelaziz-gke/regions/asia-east1/routers/gke-router",
            "name": "gke-router",
            "network": "https://www.googleapis.com/compute/v1/projects/abdelaziz-gke/global/networks/gke-vpc",
            "project": "abdelaziz-gke",
            "region": "asia-east1",
            "self_link": "https://www.googleapis.com/compute/v1/projects/abdelaziz-gke/regions/asia-east1/routers/gke-router",
            "timeouts": null
          },
          "sensitive_attributes": [],
          "private": "eyJlMmJmYjczMC1lY2FhLTExZTYtOGY4OC0zNDM2M2JjN2M0YzAiOnsiY3JlYXRlIjoxMjAwMDAwMDAwMDAwLCJkZWxldGUiOjEyMDAwMDAwMDAwMDAsInVwZGF0ZSI6MTIwMDAwMDAwMDAwMH19",
          "dependencies": [
            "module.main-modules.module.network-module.google_compute_network.gke-vpc",
            "module.main-modules.module.network-module.google_project_service.compute",
            "module.main-modules.module.network-module.google_project_service.container",
            "module.main-modules.module.subnets-module.google_compute_subnetwork.gke-subnet"
          ]
        }
      ]
    },
    {
      "module": "module.main-modules.module.network-module",
      "mode": "managed",
      "type": "google_compute_router_nat",
      "name": "gke-nat",
      "provider": "provider[\"registry.terraform.io/hashicorp/google\"]",
      "instances": [
        {
          "schema_version": 0,
          "attributes": {
            "drain_nat_ips": null,
            "enable_dynamic_port_allocation": false,
            "enable_endpoint_independent_mapping": true,
            "icmp_idle_timeout_sec": 30,
            "id": "abdelaziz-gke/asia-east1/gke-router/gke-nat",
            "log_config": [],
            "max_ports_per_vm": 0,
            "min_ports_per_vm": 0,
            "name": "gke-nat",
            "nat_ip_allocate_option": "AUTO_ONLY",
            "nat_ips": null,
            "project": "abdelaziz-gke",
            "region": "asia-east1",
            "router": "gke-router",
            "rules": [],
            "source_subnetwork_ip_ranges_to_nat": "ALL_SUBNETWORKS_ALL_IP_RANGES",
            "subnetwork": [],
            "tcp_established_idle_timeout_sec": 1200,
            "tcp_time_wait_timeout_sec": 120,
            "tcp_transitory_idle_timeout_sec": 30,
            "timeouts": null,
            "udp_idle_timeout_sec": 30
          },
          "sensitive_attributes": [],
          "private": "eyJlMmJmYjczMC1lY2FhLTExZTYtOGY4OC0zNDM2M2JjN2M0YzAiOnsiY3JlYXRlIjoxMjAwMDAwMDAwMDAwLCJkZWxldGUiOjEyMDAwMDAwMDAwMDAsInVwZGF0ZSI6MTIwMDAwMDAwMDAwMH19",
          "dependencies": [
            "module.main-modules.module.network-module.google_compute_network.gke-vpc",
            "module.main-modules.module.network-module.google_compute_router.gke-router",
            "module.main-modules.module.network-module.google_project_service.compute",
            "module.main-modules.module.network-module.google_project_service.container",
            "module.main-modules.module.subnets-module.google_compute_subnetwork.gke-subnet"
          ]
        }
      ]
    },
    {
      "module": "module.main-modules.module.network-module",
      "mode": "managed",
      "type": "google_project_service",
      "name": "compute",
      "provider": "provider[\"registry.terraform.io/hashicorp/google\"]",
      "instances": [
        {
          "schema_version": 0,
          "attributes": {
            "disable_dependent_services": true,
            "disable_on_destroy": true,
            "id": "abdelaziz-gke/compute.googleapis.com",
            "project": "abdelaziz-gke",
            "service": "compute.googleapis.com",
            "timeouts": null
          },
          "sensitive_attributes": [],
          "private": "eyJlMmJmYjczMC1lY2FhLTExZTYtOGY4OC0zNDM2M2JjN2M0YzAiOnsiY3JlYXRlIjoxMjAwMDAwMDAwMDAwLCJkZWxldGUiOjEyMDAwMDAwMDAwMDAsInJlYWQiOjYwMDAwMDAwMDAwMCwidXBkYXRlIjoxMjAwMDAwMDAwMDAwfX0="
        }
      ]
    },
    {
      "module": "module.main-modules.module.network-module",
      "mode": "managed",
      "type": "google_project_service",
      "name": "container",
      "provider": "provider[\"registry.terraform.io/hashicorp/google\"]",
      "instances": [
        {
          "schema_version": 0,
          "attributes": {
            "disable_dependent_services": true,
            "disable_on_destroy": true,
            "id": "abdelaziz-gke/container.googleapis.com",
            "project": "abdelaziz-gke",
            "service": "container.googleapis.com",
            "timeouts": null
          },
          "sensitive_attributes": [],
          "private": "eyJlMmJmYjczMC1lY2FhLTExZTYtOGY4OC0zNDM2M2JjN2M0YzAiOnsiY3JlYXRlIjoxMjAwMDAwMDAwMDAwLCJkZWxldGUiOjEyMDAwMDAwMDAwMDAsInJlYWQiOjYwMDAwMDAwMDAwMCwidXBkYXRlIjoxMjAwMDAwMDAwMDAwfX0="
        }
      ]
    },
    {
      "module": "module.main-modules.module.sa-module",
      "mode": "managed",
      "type": "google_project_iam_member",
      "name": "compute_cluster_sa",
      "provider": "provider[\"registry.terraform.io/hashicorp/google\"]",
      "instances": [
        {
          "schema_version": 0,
          "attributes": {
            "condition": [],
            "etag": "BwX1J71qAUQ=",
            "id": "abdelaziz-gke/roles/container.admin/serviceAccount:custom-compute-sa@abdelaziz-gke.iam.gserviceaccount.com",
            "member": "serviceAccount:custom-compute-sa@abdelaziz-gke.iam.gserviceaccount.com",
            "project": "abdelaziz-gke",
            "role": "roles/container.admin"
          },
          "sensitive_attributes": [],
          "private": "bnVsbA==",
          "dependencies": [
            "module.main-modules.module.sa-module.google_service_account.custom_compute_sa"
          ]
        }
      ]
    },
    {
      "module": "module.main-modules.module.sa-module",
      "mode": "managed",
      "type": "google_project_iam_member",
      "name": "gke_cluster_sa",
      "provider": "provider[\"registry.terraform.io/hashicorp/google\"]",
      "instances": [
        {
          "schema_version": 0,
          "attributes": {
            "condition": [],
            "etag": "BwX1J71qAUQ=",
            "id": "abdelaziz-gke/roles/container.admin/serviceAccount:custom-gke-sa@abdelaziz-gke.iam.gserviceaccount.com",
            "member": "serviceAccount:custom-gke-sa@abdelaziz-gke.iam.gserviceaccount.com",
            "project": "abdelaziz-gke",
            "role": "roles/container.admin"
          },
          "sensitive_attributes": [],
          "private": "bnVsbA==",
          "dependencies": [
            "module.main-modules.module.sa-module.google_service_account.custom_gke_sa"
          ]
        }
      ]
    },
    {
      "module": "module.main-modules.module.sa-module",
      "mode": "managed",
      "type": "google_project_iam_member",
      "name": "gke_object_sa",
      "provider": "provider[\"registry.terraform.io/hashicorp/google\"]",
      "instances": [
        {
          "schema_version": 0,
          "attributes": {
            "condition": [],
            "etag": "BwX1J71qAUQ=",
            "id": "abdelaziz-gke/roles/storage.objectAdmin/serviceAccount:custom-gke-sa@abdelaziz-gke.iam.gserviceaccount.com",
            "member": "serviceAccount:custom-gke-sa@abdelaziz-gke.iam.gserviceaccount.com",
            "project": "abdelaziz-gke",
            "role": "roles/storage.objectAdmin"
          },
          "sensitive_attributes": [],
          "private": "bnVsbA==",
          "dependencies": [
            "module.main-modules.module.sa-module.google_service_account.custom_gke_sa"
          ]
        }
      ]
    },
    {
      "module": "module.main-modules.module.sa-module",
      "mode": "managed",
      "type": "google_project_iam_member",
      "name": "gke_storage_sa",
      "provider": "provider[\"registry.terraform.io/hashicorp/google\"]",
      "instances": [
        {
          "schema_version": 0,
          "attributes": {
            "condition": [],
            "etag": "BwX1J71qAUQ=",
            "id": "abdelaziz-gke/roles/storage.admin/serviceAccount:custom-gke-sa@abdelaziz-gke.iam.gserviceaccount.com",
            "member": "serviceAccount:custom-gke-sa@abdelaziz-gke.iam.gserviceaccount.com",
            "project": "abdelaziz-gke",
            "role": "roles/storage.admin"
          },
          "sensitive_attributes": [],
          "private": "bnVsbA==",
          "dependencies": [
            "module.main-modules.module.sa-module.google_service_account.custom_gke_sa"
          ]
        }
      ]
    },
    {
      "module": "module.main-modules.module.sa-module",
      "mode": "managed",
      "type": "google_service_account",
      "name": "custom_compute_sa",
      "provider": "provider[\"registry.terraform.io/hashicorp/google\"]",
      "instances": [
        {
          "schema_version": 0,
          "attributes": {
            "account_id": "custom-compute-sa",
            "description": "",
            "disabled": false,
            "display_name": "Custom Compute Service Account",
            "email": "custom-compute-sa@abdelaziz-gke.iam.gserviceaccount.com",
            "id": "projects/abdelaziz-gke/serviceAccounts/custom-compute-sa@abdelaziz-gke.iam.gserviceaccount.com",
            "member": "serviceAccount:custom-compute-sa@abdelaziz-gke.iam.gserviceaccount.com",
            "name": "projects/abdelaziz-gke/serviceAccounts/custom-compute-sa@abdelaziz-gke.iam.gserviceaccount.com",
            "project": "abdelaziz-gke",
            "timeouts": null,
            "unique_id": "116439720474218432184"
          },
          "sensitive_attributes": [],
          "private": "eyJlMmJmYjczMC1lY2FhLTExZTYtOGY4OC0zNDM2M2JjN2M0YzAiOnsiY3JlYXRlIjozMDAwMDAwMDAwMDB9fQ=="
        }
      ]
    },
    {
      "module": "module.main-modules.module.sa-module",
      "mode": "managed",
      "type": "google_service_account",
      "name": "custom_gke_sa",
      "provider": "provider[\"registry.terraform.io/hashicorp/google\"]",
      "instances": [
        {
          "schema_version": 0,
          "attributes": {
            "account_id": "custom-gke-sa",
            "description": "",
            "disabled": false,
            "display_name": "Custom GKE Service Account",
            "email": "custom-gke-sa@abdelaziz-gke.iam.gserviceaccount.com",
            "id": "projects/abdelaziz-gke/serviceAccounts/custom-gke-sa@abdelaziz-gke.iam.gserviceaccount.com",
            "member": "serviceAccount:custom-gke-sa@abdelaziz-gke.iam.gserviceaccount.com",
            "name": "projects/abdelaziz-gke/serviceAccounts/custom-gke-sa@abdelaziz-gke.iam.gserviceaccount.com",
            "project": "abdelaziz-gke",
            "timeouts": null,
            "unique_id": "102295429871046170091"
          },
          "sensitive_attributes": [],
          "private": "eyJlMmJmYjczMC1lY2FhLTExZTYtOGY4OC0zNDM2M2JjN2M0YzAiOnsiY3JlYXRlIjozMDAwMDAwMDAwMDB9fQ=="
        }
      ]
    },
    {
      "module": "module.main-modules.module.subnets-module",
      "mode": "managed",
      "type": "google_compute_subnetwork",
      "name": "gke-subnet",
      "provider": "provider[\"registry.terraform.io/hashicorp/google\"]",
      "instances": [
        {
          "index_key": "management",
          "schema_version": 0,
          "attributes": {
            "creation_timestamp": "2023-02-20T12:45:47.051-08:00",
            "description": "",
            "external_ipv6_prefix": "",
            "fingerprint": null,
            "gateway_address": "10.0.0.1",
            "id": "projects/abdelaziz-gke/regions/asia-east1/subnetworks/management",
            "ip_cidr_range": "10.0.0.0/24",
            "ipv6_access_type": "",
            "ipv6_cidr_range": "",
            "log_config": [],
            "name": "management",
            "network": "https://www.googleapis.com/compute/v1/projects/abdelaziz-gke/global/networks/gke-vpc",
            "private_ip_google_access": true,
            "private_ipv6_google_access": "DISABLE_GOOGLE_ACCESS",
            "project": "abdelaziz-gke",
            "purpose": "PRIVATE",
            "region": "asia-east1",
            "role": "",
            "secondary_ip_range": [],
            "self_link": "https://www.googleapis.com/compute/v1/projects/abdelaziz-gke/regions/asia-east1/subnetworks/management",
            "stack_type": "IPV4_ONLY",
            "timeouts": null
          },
          "sensitive_attributes": [],
          "private": "eyJlMmJmYjczMC1lY2FhLTExZTYtOGY4OC0zNDM2M2JjN2M0YzAiOnsiY3JlYXRlIjoxMjAwMDAwMDAwMDAwLCJkZWxldGUiOjEyMDAwMDAwMDAwMDAsInVwZGF0ZSI6MTIwMDAwMDAwMDAwMH19",
          "dependencies": [
            "module.main-modules.module.network-module.google_compute_network.gke-vpc",
            "module.main-modules.module.network-module.google_project_service.compute",
            "module.main-modules.module.network-module.google_project_service.container"
          ]
        },
        {
          "index_key": "restricted",
          "schema_version": 0,
          "attributes": {
            "creation_timestamp": "2023-02-20T12:45:46.828-08:00",
            "description": "",
            "external_ipv6_prefix": "",
            "fingerprint": null,
            "gateway_address": "10.0.1.1",
            "id": "projects/abdelaziz-gke/regions/asia-east1/subnetworks/restricted",
            "ip_cidr_range": "10.0.1.0/24",
            "ipv6_access_type": "",
            "ipv6_cidr_range": "",
            "log_config": [],
            "name": "restricted",
            "network": "https://www.googleapis.com/compute/v1/projects/abdelaziz-gke/global/networks/gke-vpc",
            "private_ip_google_access": true,
            "private_ipv6_google_access": "DISABLE_GOOGLE_ACCESS",
            "project": "abdelaziz-gke",
            "purpose": "PRIVATE",
            "region": "asia-east1",
            "role": "",
            "secondary_ip_range": [],
            "self_link": "https://www.googleapis.com/compute/v1/projects/abdelaziz-gke/regions/asia-east1/subnetworks/restricted",
            "stack_type": "IPV4_ONLY",
            "timeouts": null
          },
          "sensitive_attributes": [],
          "private": "eyJlMmJmYjczMC1lY2FhLTExZTYtOGY4OC0zNDM2M2JjN2M0YzAiOnsiY3JlYXRlIjoxMjAwMDAwMDAwMDAwLCJkZWxldGUiOjEyMDAwMDAwMDAwMDAsInVwZGF0ZSI6MTIwMDAwMDAwMDAwMH19",
          "dependencies": [
            "module.main-modules.module.network-module.google_compute_network.gke-vpc",
            "module.main-modules.module.network-module.google_project_service.compute",
            "module.main-modules.module.network-module.google_project_service.container"
          ]
        }
      ]
    },
    {
      "module": "module.main-modules.module.vm-module",
      "mode": "managed",
      "type": "google_compute_instance",
      "name": "gke-instance-1",
      "provider": "provider[\"registry.terraform.io/hashicorp/google\"]",
      "instances": [
        {
          "schema_version": 6,
          "attributes": {
            "advanced_machine_features": [],
            "allow_stopping_for_update": null,
            "attached_disk": [],
            "boot_disk": [
              {
                "auto_delete": true,
                "device_name": "persistent-disk-0",
                "disk_encryption_key_raw": "",
                "disk_encryption_key_sha256": "",
                "initialize_params": [
                  {
                    "image": "https://www.googleapis.com/compute/v1/projects/debian-cloud/global/images/debian-11-bullseye-v20230206",
                    "labels": {},
                    "size": 10,
                    "type": "pd-standard"
                  }
                ],
                "kms_key_self_link": "",
                "mode": "READ_WRITE",
                "source": "https://www.googleapis.com/compute/v1/projects/abdelaziz-gke/zones/asia-east1-a/disks/instance-gke-1"
              }
            ],
            "can_ip_forward": false,
            "confidential_instance_config": [],
            "cpu_platform": "Intel Broadwell",
            "current_status": "RUNNING",
            "deletion_protection": false,
            "description": "",
            "desired_status": null,
            "enable_display": false,
            "guest_accelerator": [],
            "hostname": "",
            "id": "projects/abdelaziz-gke/zones/asia-east1-a/instances/instance-gke-1",
            "instance_id": "6315163393722311394",
            "label_fingerprint": "42WmSpB8rSM=",
            "labels": null,
            "machine_type": "e2-medium",
            "metadata": null,
            "metadata_fingerprint": "6SBxuXvUsyQ=",
            "metadata_startup_script": null,
            "min_cpu_platform": "",
            "name": "instance-gke-1",
            "network_interface": [
              {
                "access_config": [],
                "alias_ip_range": [],
                "ipv6_access_config": [],
                "ipv6_access_type": "",
                "name": "nic0",
                "network": "https://www.googleapis.com/compute/v1/projects/abdelaziz-gke/global/networks/gke-vpc",
                "network_ip": "10.0.0.2",
                "nic_type": "",
                "queue_count": 0,
                "stack_type": "IPV4_ONLY",
                "subnetwork": "https://www.googleapis.com/compute/v1/projects/abdelaziz-gke/regions/asia-east1/subnetworks/management",
                "subnetwork_project": "abdelaziz-gke"
              }
            ],
            "project": "abdelaziz-gke",
            "reservation_affinity": [],
            "resource_policies": null,
            "scheduling": [
              {
                "automatic_restart": true,
                "instance_termination_action": "",
                "min_node_cpus": 0,
                "node_affinities": [],
                "on_host_maintenance": "MIGRATE",
                "preemptible": false,
                "provisioning_model": "STANDARD"
              }
            ],
            "scratch_disk": [],
            "self_link": "https://www.googleapis.com/compute/v1/projects/abdelaziz-gke/zones/asia-east1-a/instances/instance-gke-1",
            "service_account": [
              {
                "email": "custom-compute-sa@abdelaziz-gke.iam.gserviceaccount.com",
                "scopes": [
                  "https://www.googleapis.com/auth/cloud-platform"
                ]
              }
            ],
            "shielded_instance_config": [
              {
                "enable_integrity_monitoring": true,
                "enable_secure_boot": false,
                "enable_vtpm": true
              }
            ],
            "tags": null,
            "tags_fingerprint": "42WmSpB8rSM=",
            "timeouts": null,
            "zone": "asia-east1-a"
          },
          "sensitive_attributes": [],
          "private": "eyJlMmJmYjczMC1lY2FhLTExZTYtOGY4OC0zNDM2M2JjN2M0YzAiOnsiY3JlYXRlIjoxMjAwMDAwMDAwMDAwLCJkZWxldGUiOjEyMDAwMDAwMDAwMDAsInVwZGF0ZSI6MTIwMDAwMDAwMDAwMH0sInNjaGVtYV92ZXJzaW9uIjoiNiJ9",
          "dependencies": [
            "module.main-modules.module.network-module.google_compute_network.gke-vpc",
            "module.main-modules.module.network-module.google_project_service.compute",
            "module.main-modules.module.network-module.google_project_service.container",
            "module.main-modules.module.sa-module.google_service_account.custom_compute_sa",
            "module.main-modules.module.subnets-module.google_compute_subnetwork.gke-subnet"
          ]
        }
      ]
    }
  ],
  "check_results": null
}
